
Microsoft Visual Studio Solution File, Format Version 12.00
# Visual Studio 15
VisualStudioVersion = 15.0.26430.13
MinimumVisualStudioVersion = 10.0.40219.1
Project("{8BC9CEB8-8B4A-11D0-8D11-00A0C91BC942}") = "MonoOrange", "MonoOrange\MonoOrange.vcxproj", "{1150C999-B918-4AF3-A65B-FA4C972A46B7}"
EndProject
Project("{FAE04EC0-301F-11D3-BF4B-00C04F79EFBC}") = "SharpOrange", "SharpOrange\SharpOrange.csproj", "{2AB5C547-4660-42C7-B479-EE7A1A2D7ECD}"
EndProject
Project("{FAE04EC0-301F-11D3-BF4B-00C04F79EFBC}") = "CppSharpOrange", "CppSharpOrange\CppSharpOrange.csproj", "{8528ECC1-764F-44B1-ACFC-E9B67214D458}"
EndProject
Project("{2150E333-8FDC-42A3-9474-1A3956D46DE8}") = "Solution Items", "Solution Items", "{F3E84614-2DA0-436D-A6A9-F61BAFD7DEE7}"
	ProjectSection(SolutionItems) = preProject
		README.md = README.md
		SharpOrange.nuspec = SharpOrange.nuspec
	EndProjectSection
EndProject
Global
	GlobalSection(SolutionConfigurationPlatforms) = preSolution
		Debug|Any CPU = Debug|Any CPU
		Debug|x64 = Debug|x64
		Debug|x86 = Debug|x86
		Release|Any CPU = Release|Any CPU
		Release|x64 = Release|x64
		Release|x86 = Release|x86
	EndGlobalSection
	GlobalSection(ProjectConfigurationPlatforms) = postSolution
		{1150C999-B918-4AF3-A65B-FA4C972A46B7}.Debug|Any CPU.ActiveCfg = Release|x64
		{1150C999-B918-4AF3-A65B-FA4C972A46B7}.Debug|Any CPU.Build.0 = Release|x64
		{1150C999-B918-4AF3-A65B-FA4C972A46B7}.Debug|x64.ActiveCfg = Debug|x64
		{1150C999-B918-4AF3-A65B-FA4C972A46B7}.Debug|x64.Build.0 = Debug|x64
		{1150C999-B918-4AF3-A65B-FA4C972A46B7}.Debug|x86.ActiveCfg = Debug|x64
		{1150C999-B918-4AF3-A65B-FA4C972A46B7}.Release|Any CPU.ActiveCfg = Release|x64
		{1150C999-B918-4AF3-A65B-FA4C972A46B7}.Release|x64.ActiveCfg = Release|x64
		{1150C999-B918-4AF3-A65B-FA4C972A46B7}.Release|x64.Build.0 = Release|x64
		{1150C999-B918-4AF3-A65B-FA4C972A46B7}.Release|x86.ActiveCfg = Release|x64
		{2AB5C547-4660-42C7-B479-EE7A1A2D7ECD}.Debug|Any CPU.ActiveCfg = Release|Any CPU
		{2AB5C547-4660-42C7-B479-EE7A1A2D7ECD}.Debug|Any CPU.Build.0 = Release|Any CPU
		{2AB5C547-4660-42C7-B479-EE7A1A2D7ECD}.Debug|x64.ActiveCfg = Debug|Any CPU
		{2AB5C547-4660-42C7-B479-EE7A1A2D7ECD}.Debug|x64.Build.0 = Debug|Any CPU
		{2AB5C547-4660-42C7-B479-EE7A1A2D7ECD}.Debug|x86.ActiveCfg = Debug|Any CPU
		{2AB5C547-4660-42C7-B479-EE7A1A2D7ECD}.Debug|x86.Build.0 = Debug|Any CPU
		{2AB5C547-4660-42C7-B479-EE7A1A2D7ECD}.Release|Any CPU.ActiveCfg = Release|Any CPU
		{2AB5C547-4660-42C7-B479-EE7A1A2D7ECD}.Release|Any CPU.Build.0 = Release|Any CPU
		{2AB5C547-4660-42C7-B479-EE7A1A2D7ECD}.Release|x64.ActiveCfg = Release|Any CPU
		{2AB5C547-4660-42C7-B479-EE7A1A2D7ECD}.Release|x64.Build.0 = Release|Any CPU
		{2AB5C547-4660-42C7-B479-EE7A1A2D7ECD}.Release|x86.ActiveCfg = Release|Any CPU
		{2AB5C547-4660-42C7-B479-EE7A1A2D7ECD}.Release|x86.Build.0 = Release|Any CPU
		{8528ECC1-764F-44B1-ACFC-E9B67214D458}.Debug|Any CPU.ActiveCfg = Debug|Any CPU
		{8528ECC1-764F-44B1-ACFC-E9B67214D458}.Debug|x64.ActiveCfg = Debug|Any CPU
		{8528ECC1-764F-44B1-ACFC-E9B67214D458}.Debug|x64.Build.0 = Debug|Any CPU
		{8528ECC1-764F-44B1-ACFC-E9B67214D458}.Debug|x86.ActiveCfg = Debug|Any CPU
		{8528ECC1-764F-44B1-ACFC-E9B67214D458}.Debug|x86.Build.0 = Debug|Any CPU
		{8528ECC1-764F-44B1-ACFC-E9B67214D458}.Release|Any CPU.ActiveCfg = Release|Any CPU
		{8528ECC1-764F-44B1-ACFC-E9B67214D458}.Release|Any CPU.Build.0 = Release|Any CPU
		{8528ECC1-764F-44B1-ACFC-E9B67214D458}.Release|x64.ActiveCfg = Release|Any CPU
		{8528ECC1-764F-44B1-ACFC-E9B67214D458}.Release|x64.Build.0 = Release|Any CPU
		{8528ECC1-764F-44B1-ACFC-E9B67214D458}.Release|x86.ActiveCfg = Release|Any CPU
		{8528ECC1-764F-44B1-ACFC-E9B67214D458}.Release|x86.Build.0 = Release|Any CPU
	EndGlobalSection
	GlobalSection(SolutionProperties) = preSolution
		HideSolutionNode = FALSE
	EndGlobalSection
EndGlobal
