
Microsoft Visual Studio Solution File, Format Version 12.00
# Visual Studio 15
VisualStudioVersion = 15.0.26430.12
MinimumVisualStudioVersion = 10.0.40219.1
Project("{8BC9CEB8-8B4A-11D0-8D11-00A0C91BC942}") = "OrangeDotNET-Module", "OrangeDotNET-Module\OrangeDotNET-Module.vcxproj", "{1150C999-B918-4AF3-A65B-FA4C972A46B7}"
	ProjectSection(ProjectDependencies) = postProject
		{1BF055E4-BAEA-4E68-8857-04FCDB91806F} = {1BF055E4-BAEA-4E68-8857-04FCDB91806F}
	EndProjectSection
EndProject
Project("{FAE04EC0-301F-11D3-BF4B-00C04F79EFBC}") = "OrangeDotNET", "OrangeDotNET\OrangeDotNET.csproj", "{5D3B1FA0-FF4D-4C4F-9864-371B4356C38D}"
EndProject
Project("{8BC9CEB8-8B4A-11D0-8D11-00A0C91BC942}") = "OrangeDotNET-Mono", "OrangeDotNET-Mono\OrangeDotNET-Mono.vcxproj", "{1BF055E4-BAEA-4E68-8857-04FCDB91806F}"
EndProject
Global
	GlobalSection(SolutionConfigurationPlatforms) = preSolution
		Debug|Any CPU = Debug|Any CPU
		Debug|x64 = Debug|x64
		Debug|x86 = Debug|x86
		Release|Any CPU = Release|Any CPU
		Release|x64 = Release|x64
		Release|x86 = Release|x86
	EndGlobalSection
	GlobalSection(ProjectConfigurationPlatforms) = postSolution
		{1150C999-B918-4AF3-A65B-FA4C972A46B7}.Debug|Any CPU.ActiveCfg = Debug|x64
		{1150C999-B918-4AF3-A65B-FA4C972A46B7}.Debug|x64.ActiveCfg = Debug|x64
		{1150C999-B918-4AF3-A65B-FA4C972A46B7}.Debug|x64.Build.0 = Debug|x64
		{1150C999-B918-4AF3-A65B-FA4C972A46B7}.Debug|x86.ActiveCfg = Debug|x64
		{1150C999-B918-4AF3-A65B-FA4C972A46B7}.Release|Any CPU.ActiveCfg = Release|x64
		{1150C999-B918-4AF3-A65B-FA4C972A46B7}.Release|x64.ActiveCfg = Release|x64
		{1150C999-B918-4AF3-A65B-FA4C972A46B7}.Release|x64.Build.0 = Release|x64
		{1150C999-B918-4AF3-A65B-FA4C972A46B7}.Release|x86.ActiveCfg = Release|x64
		{5D3B1FA0-FF4D-4C4F-9864-371B4356C38D}.Debug|Any CPU.ActiveCfg = Debug|Any CPU
		{5D3B1FA0-FF4D-4C4F-9864-371B4356C38D}.Debug|Any CPU.Build.0 = Debug|Any CPU
		{5D3B1FA0-FF4D-4C4F-9864-371B4356C38D}.Debug|x64.ActiveCfg = Debug|Any CPU
		{5D3B1FA0-FF4D-4C4F-9864-371B4356C38D}.Debug|x64.Build.0 = Debug|Any CPU
		{5D3B1FA0-FF4D-4C4F-9864-371B4356C38D}.Debug|x86.ActiveCfg = Debug|Any CPU
		{5D3B1FA0-FF4D-4C4F-9864-371B4356C38D}.Debug|x86.Build.0 = Debug|Any CPU
		{5D3B1FA0-FF4D-4C4F-9864-371B4356C38D}.Release|Any CPU.ActiveCfg = Release|Any CPU
		{5D3B1FA0-FF4D-4C4F-9864-371B4356C38D}.Release|Any CPU.Build.0 = Release|Any CPU
		{5D3B1FA0-FF4D-4C4F-9864-371B4356C38D}.Release|x64.ActiveCfg = Release|Any CPU
		{5D3B1FA0-FF4D-4C4F-9864-371B4356C38D}.Release|x64.Build.0 = Release|Any CPU
		{5D3B1FA0-FF4D-4C4F-9864-371B4356C38D}.Release|x86.ActiveCfg = Release|Any CPU
		{5D3B1FA0-FF4D-4C4F-9864-371B4356C38D}.Release|x86.Build.0 = Release|Any CPU
		{1BF055E4-BAEA-4E68-8857-04FCDB91806F}.Debug|Any CPU.ActiveCfg = Debug|Win32
		{1BF055E4-BAEA-4E68-8857-04FCDB91806F}.Debug|x64.ActiveCfg = Debug|x64
		{1BF055E4-BAEA-4E68-8857-04FCDB91806F}.Debug|x64.Build.0 = Debug|x64
		{1BF055E4-BAEA-4E68-8857-04FCDB91806F}.Debug|x86.ActiveCfg = Debug|Win32
		{1BF055E4-BAEA-4E68-8857-04FCDB91806F}.Debug|x86.Build.0 = Debug|Win32
		{1BF055E4-BAEA-4E68-8857-04FCDB91806F}.Release|Any CPU.ActiveCfg = Release|Win32
		{1BF055E4-BAEA-4E68-8857-04FCDB91806F}.Release|x64.ActiveCfg = Release|x64
		{1BF055E4-BAEA-4E68-8857-04FCDB91806F}.Release|x64.Build.0 = Release|x64
		{1BF055E4-BAEA-4E68-8857-04FCDB91806F}.Release|x86.ActiveCfg = Release|Win32
		{1BF055E4-BAEA-4E68-8857-04FCDB91806F}.Release|x86.Build.0 = Release|Win32
	EndGlobalSection
	GlobalSection(SolutionProperties) = preSolution
		HideSolutionNode = FALSE
	EndGlobalSection
EndGlobal
