
Microsoft Visual Studio Solution File, Format Version 12.00
# Visual Studio 15
VisualStudioVersion = 15.0.26430.12
MinimumVisualStudioVersion = 10.0.40219.1
Project("{8BC9CEB8-8B4A-11D0-8D11-00A0C91BC942}") = "OrangeDotNET-SWIG", "OrangeDotNET-SWIG\OrangeDotNET-SWIG.vcxproj", "{6AD43CF0-4944-4C1C-B575-DEE587A6E9E8}"
EndProject
Project("{FAE04EC0-301F-11D3-BF4B-00C04F79EFBC}") = "OrangeDotNET-Mono", "OrangeDotNET-Mono\OrangeDotNET-Mono.csproj", "{834AD601-D87D-4D41-9163-F27F6561E0B2}"
EndProject
Project("{8BC9CEB8-8B4A-11D0-8D11-00A0C91BC942}") = "OrangeDotNET-Module", "OrangeDotNET-Module\OrangeDotNET-Module.vcxproj", "{1150C999-B918-4AF3-A65B-FA4C972A46B7}"
EndProject
Global
	GlobalSection(SolutionConfigurationPlatforms) = preSolution
		Debug|Any CPU = Debug|Any CPU
		Debug|x64 = Debug|x64
		Debug|x86 = Debug|x86
		Release|Any CPU = Release|Any CPU
		Release|x64 = Release|x64
		Release|x86 = Release|x86
	EndGlobalSection
	GlobalSection(ProjectConfigurationPlatforms) = postSolution
		{6AD43CF0-4944-4C1C-B575-DEE587A6E9E8}.Debug|Any CPU.ActiveCfg = Debug|Win32
		{6AD43CF0-4944-4C1C-B575-DEE587A6E9E8}.Debug|x64.ActiveCfg = Debug|x64
		{6AD43CF0-4944-4C1C-B575-DEE587A6E9E8}.Debug|x64.Build.0 = Debug|x64
		{6AD43CF0-4944-4C1C-B575-DEE587A6E9E8}.Debug|x86.ActiveCfg = Debug|Win32
		{6AD43CF0-4944-4C1C-B575-DEE587A6E9E8}.Debug|x86.Build.0 = Debug|Win32
		{6AD43CF0-4944-4C1C-B575-DEE587A6E9E8}.Release|Any CPU.ActiveCfg = Release|Win32
		{6AD43CF0-4944-4C1C-B575-DEE587A6E9E8}.Release|x64.ActiveCfg = Release|x64
		{6AD43CF0-4944-4C1C-B575-DEE587A6E9E8}.Release|x64.Build.0 = Release|x64
		{6AD43CF0-4944-4C1C-B575-DEE587A6E9E8}.Release|x86.ActiveCfg = Release|Win32
		{6AD43CF0-4944-4C1C-B575-DEE587A6E9E8}.Release|x86.Build.0 = Release|Win32
		{834AD601-D87D-4D41-9163-F27F6561E0B2}.Debug|Any CPU.ActiveCfg = Debug|Any CPU
		{834AD601-D87D-4D41-9163-F27F6561E0B2}.Debug|Any CPU.Build.0 = Debug|Any CPU
		{834AD601-D87D-4D41-9163-F27F6561E0B2}.Debug|x64.ActiveCfg = Debug|Any CPU
		{834AD601-D87D-4D41-9163-F27F6561E0B2}.Debug|x64.Build.0 = Debug|Any CPU
		{834AD601-D87D-4D41-9163-F27F6561E0B2}.Debug|x86.ActiveCfg = Debug|Any CPU
		{834AD601-D87D-4D41-9163-F27F6561E0B2}.Debug|x86.Build.0 = Debug|Any CPU
		{834AD601-D87D-4D41-9163-F27F6561E0B2}.Release|Any CPU.ActiveCfg = Release|Any CPU
		{834AD601-D87D-4D41-9163-F27F6561E0B2}.Release|Any CPU.Build.0 = Release|Any CPU
		{834AD601-D87D-4D41-9163-F27F6561E0B2}.Release|x64.ActiveCfg = Release|Any CPU
		{834AD601-D87D-4D41-9163-F27F6561E0B2}.Release|x64.Build.0 = Release|Any CPU
		{834AD601-D87D-4D41-9163-F27F6561E0B2}.Release|x86.ActiveCfg = Release|Any CPU
		{834AD601-D87D-4D41-9163-F27F6561E0B2}.Release|x86.Build.0 = Release|Any CPU
		{1150C999-B918-4AF3-A65B-FA4C972A46B7}.Debug|Any CPU.ActiveCfg = Debug|x64
		{1150C999-B918-4AF3-A65B-FA4C972A46B7}.Debug|x64.ActiveCfg = Debug|x64
		{1150C999-B918-4AF3-A65B-FA4C972A46B7}.Debug|x64.Build.0 = Debug|x64
		{1150C999-B918-4AF3-A65B-FA4C972A46B7}.Debug|x86.ActiveCfg = Debug|x64
		{1150C999-B918-4AF3-A65B-FA4C972A46B7}.Release|Any CPU.ActiveCfg = Release|x64
		{1150C999-B918-4AF3-A65B-FA4C972A46B7}.Release|x64.ActiveCfg = Release|x64
		{1150C999-B918-4AF3-A65B-FA4C972A46B7}.Release|x64.Build.0 = Release|x64
		{1150C999-B918-4AF3-A65B-FA4C972A46B7}.Release|x86.ActiveCfg = Release|x64
	EndGlobalSection
	GlobalSection(SolutionProperties) = preSolution
		HideSolutionNode = FALSE
	EndGlobalSection
EndGlobal
